
Microsoft Visual Studio Solution File, Format Version 12.00
# Visual Studio Version 17
VisualStudioVersion = 17.12.35707.178 d17.12
MinimumVisualStudioVersion = 10.0.40219.1
Project("{FAE04EC0-301F-11D3-BF4B-00C04F79EFBC}") = "Lab2", "Lab2\Lab2.csproj", "{9A662EC9-0D0A-4319-92C3-A15DB7EA80B1}"
EndProject
Project("{FAE04EC0-301F-11D3-BF4B-00C04F79EFBC}") = "TestProject1", "TestProject1\TestProject1.csproj", "{414929C0-F23F-455F-A190-A7CB104A394E}"
EndProject
Global
	GlobalSection(SolutionConfigurationPlatforms) = preSolution
		Debug|Any CPU = Debug|Any CPU
		Release|Any CPU = Release|Any CPU
	EndGlobalSection
	GlobalSection(ProjectConfigurationPlatforms) = postSolution
		{9A662EC9-0D0A-4319-92C3-A15DB7EA80B1}.Debug|Any CPU.ActiveCfg = Debug|Any CPU
		{9A662EC9-0D0A-4319-92C3-A15DB7EA80B1}.Debug|Any CPU.Build.0 = Debug|Any CPU
		{9A662EC9-0D0A-4319-92C3-A15DB7EA80B1}.Release|Any CPU.ActiveCfg = Release|Any CPU
		{9A662EC9-0D0A-4319-92C3-A15DB7EA80B1}.Release|Any CPU.Build.0 = Release|Any CPU
		{414929C0-F23F-455F-A190-A7CB104A394E}.Debug|Any CPU.ActiveCfg = Debug|Any CPU
		{414929C0-F23F-455F-A190-A7CB104A394E}.Debug|Any CPU.Build.0 = Debug|Any CPU
		{414929C0-F23F-455F-A190-A7CB104A394E}.Release|Any CPU.ActiveCfg = Release|Any CPU
		{414929C0-F23F-455F-A190-A7CB104A394E}.Release|Any CPU.Build.0 = Release|Any CPU
	EndGlobalSection
	GlobalSection(SolutionProperties) = preSolution
		HideSolutionNode = FALSE
	EndGlobalSection
EndGlobal
